<?xml version="1.0" encoding="utf-8"?>
<Project ToolsVersion="4.0" xmlns="http://schemas.microsoft.com/developer/msbuild/2003">
  <ItemGroup>
    <Filter Include="yoi">
      <UniqueIdentifier>{56C4880B-C2CD-887C-4B49-9F7CB751947C}</UniqueIdentifier>
    </Filter>
  </ItemGroup>
  <ItemGroup>
    <ClInclude Include="src\Yoi.h" />
    <ClInclude Include="src\yoi\Application.h">
      <Filter>yoi</Filter>
    </ClInclude>
    <ClInclude Include="src\yoi\Core.h">
      <Filter>yoi</Filter>
    </ClInclude>
    <ClInclude Include="src\yoi\EntryPoint.h">
      <Filter>yoi</Filter>
    </ClInclude>
    <ClInclude Include="src\yoi\Log.h">
      <Filter>yoi</Filter>
    </ClInclude>
  </ItemGroup>
  <ItemGroup>
    <ClCompile Include="src\yoi\Application.cpp">
      <Filter>yoi</Filter>
    </ClCompile>
    <ClCompile Include="src\yoi\Log.cpp">
      <Filter>yoi</Filter>
    </ClCompile>
  </ItemGroup>
</Project>